
Microsoft Visual Studio Solution File, Format Version 12.00
# Visual Studio Version 16
VisualStudioVersion = 16.0.29411.108
MinimumVisualStudioVersion = 10.0.40219.1
Project("{FAE04EC0-301F-11D3-BF4B-00C04F79EFBC}") = "HtmHelperAnnotation", "HtmHelperAnnotation.csproj", "{E163A86A-825E-4B62-84A9-D94A0CEB677E}"
EndProject
Global
	GlobalSection(SolutionConfigurationPlatforms) = preSolution
		Debug|Any CPU = Debug|Any CPU
		Release|Any CPU = Release|Any CPU
	EndGlobalSection
	GlobalSection(ProjectConfigurationPlatforms) = postSolution
		{E163A86A-825E-4B62-84A9-D94A0CEB677E}.Debug|Any CPU.ActiveCfg = Debug|Any CPU
		{E163A86A-825E-4B62-84A9-D94A0CEB677E}.Debug|Any CPU.Build.0 = Debug|Any CPU
		{E163A86A-825E-4B62-84A9-D94A0CEB677E}.Release|Any CPU.ActiveCfg = Release|Any CPU
		{E163A86A-825E-4B62-84A9-D94A0CEB677E}.Release|Any CPU.Build.0 = Release|Any CPU
	EndGlobalSection
	GlobalSection(SolutionProperties) = preSolution
		HideSolutionNode = FALSE
	EndGlobalSection
	GlobalSection(ExtensibilityGlobals) = postSolution
		SolutionGuid = {A6E7E171-3315-468A-8268-2880E7E4EE3C}
	EndGlobalSection
EndGlobal
